
Microsoft Visual Studio Solution File, Format Version 12.00
# Visual Studio Version 16
VisualStudioVersion = 16.0.30517.126
MinimumVisualStudioVersion = 10.0.40219.1
Project("{FAE04EC0-301F-11D3-BF4B-00C04F79EFBC}") = "Drink Count.Android", "Drink Count\Drink Count.Android\Drink Count.Android.csproj", "{62155FD9-40C2-466F-9F8B-8FB8535EE5BA}"
EndProject
Project("{FAE04EC0-301F-11D3-BF4B-00C04F79EFBC}") = "Drink Count", "Drink Count\Drink Count\Drink Count.csproj", "{86074FCC-8CD3-4171-9B56-4F1397F18CCF}"
EndProject
Global
	GlobalSection(SolutionConfigurationPlatforms) = preSolution
		Debug|Any CPU = Debug|Any CPU
		Release|Any CPU = Release|Any CPU
	EndGlobalSection
	GlobalSection(ProjectConfigurationPlatforms) = postSolution
		{62155FD9-40C2-466F-9F8B-8FB8535EE5BA}.Debug|Any CPU.ActiveCfg = Debug|Any CPU
		{62155FD9-40C2-466F-9F8B-8FB8535EE5BA}.Debug|Any CPU.Build.0 = Debug|Any CPU
		{62155FD9-40C2-466F-9F8B-8FB8535EE5BA}.Debug|Any CPU.Deploy.0 = Debug|Any CPU
		{62155FD9-40C2-466F-9F8B-8FB8535EE5BA}.Release|Any CPU.ActiveCfg = Release|Any CPU
		{62155FD9-40C2-466F-9F8B-8FB8535EE5BA}.Release|Any CPU.Build.0 = Release|Any CPU
		{62155FD9-40C2-466F-9F8B-8FB8535EE5BA}.Release|Any CPU.Deploy.0 = Release|Any CPU
		{86074FCC-8CD3-4171-9B56-4F1397F18CCF}.Debug|Any CPU.ActiveCfg = Debug|Any CPU
		{86074FCC-8CD3-4171-9B56-4F1397F18CCF}.Debug|Any CPU.Build.0 = Debug|Any CPU
		{86074FCC-8CD3-4171-9B56-4F1397F18CCF}.Release|Any CPU.ActiveCfg = Release|Any CPU
		{86074FCC-8CD3-4171-9B56-4F1397F18CCF}.Release|Any CPU.Build.0 = Release|Any CPU
	EndGlobalSection
	GlobalSection(SolutionProperties) = preSolution
		HideSolutionNode = FALSE
	EndGlobalSection
	GlobalSection(ExtensibilityGlobals) = postSolution
		SolutionGuid = {EF1B44E2-DD65-4E08-923A-8407C0F69623}
	EndGlobalSection
EndGlobal
